
Microsoft Visual Studio Solution File, Format Version 12.00
# Visual Studio Version 17
VisualStudioVersion = 17.4.33110.190
MinimumVisualStudioVersion = 10.0.40219.1
Project("{8BC9CEB8-8B4A-11D0-8D11-00A0C91BC942}") = "DataTypes", "DataTypes\DataTypes.vcxproj", "{0EF78928-4CCB-45B3-8CC6-C0B21784F9BD}"
EndProject
Project("{8BC9CEB8-8B4A-11D0-8D11-00A0C91BC942}") = "Data Types and variables", "Data Types and variables\Data Types and variables.vcxproj", "{9D2EE76E-AD6A-49D2-9DD1-43E4C6082400}"
EndProject
Global
	GlobalSection(SolutionConfigurationPlatforms) = preSolution
		Debug|x64 = Debug|x64
		Debug|x86 = Debug|x86
		Release|x64 = Release|x64
		Release|x86 = Release|x86
	EndGlobalSection
	GlobalSection(ProjectConfigurationPlatforms) = postSolution
		{0EF78928-4CCB-45B3-8CC6-C0B21784F9BD}.Debug|x64.ActiveCfg = Debug|x64
		{0EF78928-4CCB-45B3-8CC6-C0B21784F9BD}.Debug|x64.Build.0 = Debug|x64
		{0EF78928-4CCB-45B3-8CC6-C0B21784F9BD}.Debug|x86.ActiveCfg = Debug|Win32
		{0EF78928-4CCB-45B3-8CC6-C0B21784F9BD}.Debug|x86.Build.0 = Debug|Win32
		{0EF78928-4CCB-45B3-8CC6-C0B21784F9BD}.Release|x64.ActiveCfg = Release|x64
		{0EF78928-4CCB-45B3-8CC6-C0B21784F9BD}.Release|x64.Build.0 = Release|x64
		{0EF78928-4CCB-45B3-8CC6-C0B21784F9BD}.Release|x86.ActiveCfg = Release|Win32
		{0EF78928-4CCB-45B3-8CC6-C0B21784F9BD}.Release|x86.Build.0 = Release|Win32
		{9D2EE76E-AD6A-49D2-9DD1-43E4C6082400}.Debug|x64.ActiveCfg = Debug|x64
		{9D2EE76E-AD6A-49D2-9DD1-43E4C6082400}.Debug|x64.Build.0 = Debug|x64
		{9D2EE76E-AD6A-49D2-9DD1-43E4C6082400}.Debug|x86.ActiveCfg = Debug|Win32
		{9D2EE76E-AD6A-49D2-9DD1-43E4C6082400}.Debug|x86.Build.0 = Debug|Win32
		{9D2EE76E-AD6A-49D2-9DD1-43E4C6082400}.Release|x64.ActiveCfg = Release|x64
		{9D2EE76E-AD6A-49D2-9DD1-43E4C6082400}.Release|x64.Build.0 = Release|x64
		{9D2EE76E-AD6A-49D2-9DD1-43E4C6082400}.Release|x86.ActiveCfg = Release|Win32
		{9D2EE76E-AD6A-49D2-9DD1-43E4C6082400}.Release|x86.Build.0 = Release|Win32
	EndGlobalSection
	GlobalSection(SolutionProperties) = preSolution
		HideSolutionNode = FALSE
	EndGlobalSection
	GlobalSection(ExtensibilityGlobals) = postSolution
		SolutionGuid = {8EBE82FA-F1D9-4B99-8BE6-A9A1459D9352}
	EndGlobalSection
EndGlobal
